
Microsoft Visual Studio Solution File, Format Version 12.00
# Visual Studio 15
VisualStudioVersion = 15.0.27703.2047
MinimumVisualStudioVersion = 10.0.40219.1
Project("{FAE04EC0-301F-11D3-BF4B-00C04F79EFBC}") = "MyConverter", "MyConverter\MyConverter.csproj", "{81493C15-75D5-4028-9B41-F25A83F3E046}"
EndProject
Global
	GlobalSection(SolutionConfigurationPlatforms) = preSolution
		Debug|Any CPU = Debug|Any CPU
		Release|Any CPU = Release|Any CPU
	EndGlobalSection
	GlobalSection(ProjectConfigurationPlatforms) = postSolution
		{81493C15-75D5-4028-9B41-F25A83F3E046}.Debug|Any CPU.ActiveCfg = Debug|Any CPU
		{81493C15-75D5-4028-9B41-F25A83F3E046}.Debug|Any CPU.Build.0 = Debug|Any CPU
		{81493C15-75D5-4028-9B41-F25A83F3E046}.Release|Any CPU.ActiveCfg = Release|Any CPU
		{81493C15-75D5-4028-9B41-F25A83F3E046}.Release|Any CPU.Build.0 = Release|Any CPU
	EndGlobalSection
	GlobalSection(SolutionProperties) = preSolution
		HideSolutionNode = FALSE
	EndGlobalSection
	GlobalSection(ExtensibilityGlobals) = postSolution
		SolutionGuid = {55D4F621-440E-493B-95E1-A5BCF27DF7A9}
	EndGlobalSection
EndGlobal
