// !$*UTF8*$!
{
	archiveVersion = 1;
	classes = {
	};
	objectVersion = 50;
	objects = {

/* Begin PBXBuildFile section */
		0417CFE02703668A002BD1EF /* AppDelegate.swift in Sources */ = {isa = PBXBuildFile; fileRef = 0417CFDF2703668A002BD1EF /* AppDelegate.swift */; };
		0417CFE22703668A002BD1EF /* SceneDelegate.swift in Sources */ = {isa = PBXBuildFile; fileRef = 0417CFE12703668A002BD1EF /* SceneDelegate.swift */; };
		0417CFE72703668A002BD1EF /* Main.storyboard in Resources */ = {isa = PBXBuildFile; fileRef = 0417CFE52703668A002BD1EF /* Main.storyboard */; };
		0417CFE92703668C002BD1EF /* Assets.xcassets in Resources */ = {isa = PBXBuildFile; fileRef = 0417CFE82703668C002BD1EF /* Assets.xcassets */; };
		0417CFEC2703668C002BD1EF /* LaunchScreen.storyboard in Resources */ = {isa = PBXBuildFile; fileRef = 0417CFEA2703668C002BD1EF /* LaunchScreen.storyboard */; };
		DE229E8E270367BD0007C1AC /* FormVC.xib in Resources */ = {isa = PBXBuildFile; fileRef = DE229E8C270367BD0007C1AC /* FormVC.xib */; };
		DE229E8F270367BD0007C1AC /* FormVC.swift in Sources */ = {isa = PBXBuildFile; fileRef = DE229E8D270367BD0007C1AC /* FormVC.swift */; };
		DE229E91270367C50007C1AC /* Extensions.swift in Sources */ = {isa = PBXBuildFile; fileRef = DE229E90270367C50007C1AC /* Extensions.swift */; };
		DE229E93270367CD0007C1AC /* Number.swift in Sources */ = {isa = PBXBuildFile; fileRef = DE229E92270367CD0007C1AC /* Number.swift */; };
		DE229E99270367D50007C1AC /* EngLanguage.swift in Sources */ = {isa = PBXBuildFile; fileRef = DE229E95270367D50007C1AC /* EngLanguage.swift */; };
		DE229E9A270367D50007C1AC /* GerLanguage.swift in Sources */ = {isa = PBXBuildFile; fileRef = DE229E96270367D50007C1AC /* GerLanguage.swift */; };
		DE229E9B270367D50007C1AC /* UaLanguage.swift in Sources */ = {isa = PBXBuildFile; fileRef = DE229E97270367D50007C1AC /* UaLanguage.swift */; };
		DE229E9C270367D50007C1AC /* Language.swift in Sources */ = {isa = PBXBuildFile; fileRef = DE229E98270367D50007C1AC /* Language.swift */; };
/* End PBXBuildFile section */

/* Begin PBXFileReference section */
		0417CFDC2703668A002BD1EF /* testConvert.app */ = {isa = PBXFileReference; explicitFileType = wrapper.application; includeInIndex = 0; path = testConvert.app; sourceTree = BUILT_PRODUCTS_DIR; };
		0417CFDF2703668A002BD1EF /* AppDelegate.swift */ = {isa = PBXFileReference; lastKnownFileType = sourcecode.swift; path = AppDelegate.swift; sourceTree = "<group>"; };
		0417CFE12703668A002BD1EF /* SceneDelegate.swift */ = {isa = PBXFileReference; lastKnownFileType = sourcecode.swift; path = SceneDelegate.swift; sourceTree = "<group>"; };
		0417CFE62703668A002BD1EF /* Base */ = {isa = PBXFileReference; lastKnownFileType = file.storyboard; name = Base; path = Base.lproj/Main.storyboard; sourceTree = "<group>"; };
		0417CFE82703668C002BD1EF /* Assets.xcassets */ = {isa = PBXFileReference; lastKnownFileType = folder.assetcatalog; path = Assets.xcassets; sourceTree = "<group>"; };
		0417CFEB2703668C002BD1EF /* Base */ = {isa = PBXFileReference; lastKnownFileType = file.storyboard; name = Base; path = Base.lproj/LaunchScreen.storyboard; sourceTree = "<group>"; };
		0417CFED2703668C002BD1EF /* Info.plist */ = {isa = PBXFileReference; lastKnownFileType = text.plist.xml; path = Info.plist; sourceTree = "<group>"; };
		DE229E8C270367BD0007C1AC /* FormVC.xib */ = {isa = PBXFileReference; fileEncoding = 4; lastKnownFileType = file.xib; path = FormVC.xib; sourceTree = "<group>"; };
		DE229E8D270367BD0007C1AC /* FormVC.swift */ = {isa = PBXFileReference; fileEncoding = 4; lastKnownFileType = sourcecode.swift; path = FormVC.swift; sourceTree = "<group>"; };
		DE229E90270367C50007C1AC /* Extensions.swift */ = {isa = PBXFileReference; fileEncoding = 4; lastKnownFileType = sourcecode.swift; path = Extensions.swift; sourceTree = "<group>"; };
		DE229E92270367CD0007C1AC /* Number.swift */ = {isa = PBXFileReference; fileEncoding = 4; lastKnownFileType = sourcecode.swift; path = Number.swift; sourceTree = "<group>"; };
		DE229E95270367D50007C1AC /* EngLanguage.swift */ = {isa = PBXFileReference; fileEncoding = 4; lastKnownFileType = sourcecode.swift; path = EngLanguage.swift; sourceTree = "<group>"; };
		DE229E96270367D50007C1AC /* GerLanguage.swift */ = {isa = PBXFileReference; fileEncoding = 4; lastKnownFileType = sourcecode.swift; path = GerLanguage.swift; sourceTree = "<group>"; };
		DE229E97270367D50007C1AC /* UaLanguage.swift */ = {isa = PBXFileReference; fileEncoding = 4; lastKnownFileType = sourcecode.swift; path = UaLanguage.swift; sourceTree = "<group>"; };
		DE229E98270367D50007C1AC /* Language.swift */ = {isa = PBXFileReference; fileEncoding = 4; lastKnownFileType = sourcecode.swift; path = Language.swift; sourceTree = "<group>"; };
/* End PBXFileReference section */

/* Begin PBXFrameworksBuildPhase section */
		0417CFD92703668A002BD1EF /* Frameworks */ = {
			isa = PBXFrameworksBuildPhase;
			buildActionMask = 2147483647;
			files = (
			);
			runOnlyForDeploymentPostprocessing = 0;
		};
/* End PBXFrameworksBuildPhase section */

/* Begin PBXGroup section */
		0417CFD32703668A002BD1EF = {
			isa = PBXGroup;
			children = (
				0417CFDE2703668A002BD1EF /* testConvert */,
				0417CFDD2703668A002BD1EF /* Products */,
			);
			sourceTree = "<group>";
		};
		0417CFDD2703668A002BD1EF /* Products */ = {
			isa = PBXGroup;
			children = (
				0417CFDC2703668A002BD1EF /* testConvert.app */,
			);
			name = Products;
			sourceTree = "<group>";
		};
		0417CFDE2703668A002BD1EF /* testConvert */ = {
			isa = PBXGroup;
			children = (
				DE229E8B270367BD0007C1AC /* FormVC */,
				0417CFDF2703668A002BD1EF /* AppDelegate.swift */,
				0417CFE12703668A002BD1EF /* SceneDelegate.swift */,
				DE229E90270367C50007C1AC /* Extensions.swift */,
				DE229E92270367CD0007C1AC /* Number.swift */,
				0417CFE52703668A002BD1EF /* Main.storyboard */,
				DE229E98270367D50007C1AC /* Language.swift */,
				DE229E94270367D50007C1AC /* Languages */,
				0417CFE82703668C002BD1EF /* Assets.xcassets */,
				0417CFEA2703668C002BD1EF /* LaunchScreen.storyboard */,
				0417CFED2703668C002BD1EF /* Info.plist */,
			);
			path = testConvert;
			sourceTree = "<group>";
		};
		DE229E8B270367BD0007C1AC /* FormVC */ = {
			isa = PBXGroup;
			children = (
				DE229E8C270367BD0007C1AC /* FormVC.xib */,
				DE229E8D270367BD0007C1AC /* FormVC.swift */,
			);
			path = FormVC;
			sourceTree = "<group>";
		};
		DE229E94270367D50007C1AC /* Languages */ = {
			isa = PBXGroup;
			children = (
				DE229E95270367D50007C1AC /* EngLanguage.swift */,
				DE229E96270367D50007C1AC /* GerLanguage.swift */,
				DE229E97270367D50007C1AC /* UaLanguage.swift */,
			);
			path = Languages;
			sourceTree = "<group>";
		};
/* End PBXGroup section */

/* Begin PBXNativeTarget section */
		0417CFDB2703668A002BD1EF /* testConvert */ = {
			isa = PBXNativeTarget;
			buildConfigurationList = 0417CFF02703668C002BD1EF /* Build configuration list for PBXNativeTarget "testConvert" */;
			buildPhases = (
				0417CFD82703668A002BD1EF /* Sources */,
				0417CFD92703668A002BD1EF /* Frameworks */,
				0417CFDA2703668A002BD1EF /* Resources */,
			);
			buildRules = (
			);
			dependencies = (
			);
			name = testConvert;
			productName = testConvert;
			productReference = 0417CFDC2703668A002BD1EF /* testConvert.app */;
			productType = "com.apple.product-type.application";
		};
/* End PBXNativeTarget section */

/* Begin PBXProject section */
		0417CFD42703668A002BD1EF /* Project object */ = {
			isa = PBXProject;
			attributes = {
				LastSwiftUpdateCheck = 1250;
				LastUpgradeCheck = 1250;
				TargetAttributes = {
					0417CFDB2703668A002BD1EF = {
						CreatedOnToolsVersion = 12.5.1;
					};
				};
			};
			buildConfigurationList = 0417CFD72703668A002BD1EF /* Build configuration list for PBXProject "testConvert" */;
			compatibilityVersion = "Xcode 9.3";
			developmentRegion = en;
			hasScannedForEncodings = 0;
			knownRegions = (
				en,
				Base,
			);
			mainGroup = 0417CFD32703668A002BD1EF;
			productRefGroup = 0417CFDD2703668A002BD1EF /* Products */;
			projectDirPath = "";
			projectRoot = "";
			targets = (
				0417CFDB2703668A002BD1EF /* testConvert */,
			);
		};
/* End PBXProject section */

/* Begin PBXResourcesBuildPhase section */
		0417CFDA2703668A002BD1EF /* Resources */ = {
			isa = PBXResourcesBuildPhase;
			buildActionMask = 2147483647;
			files = (
				DE229E8E270367BD0007C1AC /* FormVC.xib in Resources */,
				0417CFEC2703668C002BD1EF /* LaunchScreen.storyboard in Resources */,
				0417CFE92703668C002BD1EF /* Assets.xcassets in Resources */,
				0417CFE72703668A002BD1EF /* Main.storyboard in Resources */,
			);
			runOnlyForDeploymentPostprocessing = 0;
		};
/* End PBXResourcesBuildPhase section */

/* Begin PBXSourcesBuildPhase section */
		0417CFD82703668A002BD1EF /* Sources */ = {
			isa = PBXSourcesBuildPhase;
			buildActionMask = 2147483647;
			files = (
				DE229E9B270367D50007C1AC /* UaLanguage.swift in Sources */,
				DE229E9C270367D50007C1AC /* Language.swift in Sources */,
				DE229E91270367C50007C1AC /* Extensions.swift in Sources */,
				DE229E8F270367BD0007C1AC /* FormVC.swift in Sources */,
				DE229E99270367D50007C1AC /* EngLanguage.swift in Sources */,
				DE229E93270367CD0007C1AC /* Number.swift in Sources */,
				0417CFE02703668A002BD1EF /* AppDelegate.swift in Sources */,
				DE229E9A270367D50007C1AC /* GerLanguage.swift in Sources */,
				0417CFE22703668A002BD1EF /* SceneDelegate.swift in Sources */,
			);
			runOnlyForDeploymentPostprocessing = 0;
		};
/* End PBXSourcesBuildPhase section */

/* Begin PBXVariantGroup section */
		0417CFE52703668A002BD1EF /* Main.storyboard */ = {
			isa = PBXVariantGroup;
			children = (
				0417CFE62703668A002BD1EF /* Base */,
			);
			name = Main.storyboard;
			sourceTree = "<group>";
		};
		0417CFEA2703668C002BD1EF /* LaunchScreen.storyboard */ = {
			isa = PBXVariantGroup;
			children = (
				0417CFEB2703668C002BD1EF /* Base */,
			);
			name = LaunchScreen.storyboard;
			sourceTree = "<group>";
		};
/* End PBXVariantGroup section */

/* Begin XCBuildConfiguration section */
		0417CFEE2703668C002BD1EF /* Debug */ = {
			isa = XCBuildConfiguration;
			buildSettings = {
				ALWAYS_SEARCH_USER_PATHS = NO;
				CLANG_ANALYZER_NONNULL = YES;
				CLANG_ANALYZER_NUMBER_OBJECT_CONVERSION = YES_AGGRESSIVE;
				CLANG_CXX_LANGUAGE_STANDARD = "gnu++14";
				CLANG_CXX_LIBRARY = "libc++";
				CLANG_ENABLE_MODULES = YES;
				CLANG_ENABLE_OBJC_ARC = YES;
				CLANG_ENABLE_OBJC_WEAK = YES;
				CLANG_WARN_BLOCK_CAPTURE_AUTORELEASING = YES;
				CLANG_WARN_BOOL_CONVERSION = YES;
				CLANG_WARN_COMMA = YES;
				CLANG_WARN_CONSTANT_CONVERSION = YES;
				CLANG_WARN_DEPRECATED_OBJC_IMPLEMENTATIONS = YES;
				CLANG_WARN_DIRECT_OBJC_ISA_USAGE = YES_ERROR;
				CLANG_WARN_DOCUMENTATION_COMMENTS = YES;
				CLANG_WARN_EMPTY_BODY = YES;
				CLANG_WARN_ENUM_CONVERSION = YES;
				CLANG_WARN_INFINITE_RECURSION = YES;
				CLANG_WARN_INT_CONVERSION = YES;
				CLANG_WARN_NON_LITERAL_NULL_CONVERSION = YES;
				CLANG_WARN_OBJC_IMPLICIT_RETAIN_SELF = YES;
				CLANG_WARN_OBJC_LITERAL_CONVERSION = YES;
				CLANG_WARN_OBJC_ROOT_CLASS = YES_ERROR;
				CLANG_WARN_QUOTED_INCLUDE_IN_FRAMEWORK_HEADER = YES;
				CLANG_WARN_RANGE_LOOP_ANALYSIS = YES;
				CLANG_WARN_STRICT_PROTOTYPES = YES;
				CLANG_WARN_SUSPICIOUS_MOVE = YES;
				CLANG_WARN_UNGUARDED_AVAILABILITY = YES_AGGRESSIVE;
				CLANG_WARN_UNREACHABLE_CODE = YES;
				CLANG_WARN__DUPLICATE_METHOD_MATCH = YES;
				COPY_PHASE_STRIP = NO;
				DEBUG_INFORMATION_FORMAT = dwarf;
				ENABLE_STRICT_OBJC_MSGSEND = YES;
				ENABLE_TESTABILITY = YES;
				GCC_C_LANGUAGE_STANDARD = gnu11;
				GCC_DYNAMIC_NO_PIC = NO;
				GCC_NO_COMMON_BLOCKS = YES;
				GCC_OPTIMIZATION_LEVEL = 0;
				GCC_PREPROCESSOR_DEFINITIONS = (
					"DEBUG=1",
					"$(inherited)",
				);
				GCC_WARN_64_TO_32_BIT_CONVERSION = YES;
				GCC_WARN_ABOUT_RETURN_TYPE = YES_ERROR;
				GCC_WARN_UNDECLARED_SELECTOR = YES;
				GCC_WARN_UNINITIALIZED_AUTOS = YES_AGGRESSIVE;
				GCC_WARN_UNUSED_FUNCTION = YES;
				GCC_WARN_UNUSED_VARIABLE = YES;
				IPHONEOS_DEPLOYMENT_TARGET = 14.5;
				MTL_ENABLE_DEBUG_INFO = INCLUDE_SOURCE;
				MTL_FAST_MATH = YES;
				ONLY_ACTIVE_ARCH = YES;
				SDKROOT = iphoneos;
				SWIFT_ACTIVE_COMPILATION_CONDITIONS = DEBUG;
				SWIFT_OPTIMIZATION_LEVEL = "-Onone";
			};
			name = Debug;
		};
		0417CFEF2703668C002BD1EF /* Release */ = {
			isa = XCBuildConfiguration;
			buildSettings = {
				ALWAYS_SEARCH_USER_PATHS = NO;
				CLANG_ANALYZER_NONNULL = YES;
				CLANG_ANALYZER_NUMBER_OBJECT_CONVERSION = YES_AGGRESSIVE;
				CLANG_CXX_LANGUAGE_STANDARD = "gnu++14";
				CLANG_CXX_LIBRARY = "libc++";
				CLANG_ENABLE_MODULES = YES;
				CLANG_ENABLE_OBJC_ARC = YES;
				CLANG_ENABLE_OBJC_WEAK = YES;
				CLANG_WARN_BLOCK_CAPTURE_AUTORELEASING = YES;
				CLANG_WARN_BOOL_CONVERSION = YES;
				CLANG_WARN_COMMA = YES;
				CLANG_WARN_CONSTANT_CONVERSION = YES;
				CLANG_WARN_DEPRECATED_OBJC_IMPLEMENTATIONS = YES;
				CLANG_WARN_DIRECT_OBJC_ISA_USAGE = YES_ERROR;
				CLANG_WARN_DOCUMENTATION_COMMENTS = YES;
				CLANG_WARN_EMPTY_BODY = YES;
				CLANG_WARN_ENUM_CONVERSION = YES;
				CLANG_WARN_INFINITE_RECURSION = YES;
				CLANG_WARN_INT_CONVERSION = YES;
				CLANG_WARN_NON_LITERAL_NULL_CONVERSION = YES;
				CLANG_WARN_OBJC_IMPLICIT_RETAIN_SELF = YES;
				CLANG_WARN_OBJC_LITERAL_CONVERSION = YES;
				CLANG_WARN_OBJC_ROOT_CLASS = YES_ERROR;
				CLANG_WARN_QUOTED_INCLUDE_IN_FRAMEWORK_HEADER = YES;
				CLANG_WARN_RANGE_LOOP_ANALYSIS = YES;
				CLANG_WARN_STRICT_PROTOTYPES = YES;
				CLANG_WARN_SUSPICIOUS_MOVE = YES;
				CLANG_WARN_UNGUARDED_AVAILABILITY = YES_AGGRESSIVE;
				CLANG_WARN_UNREACHABLE_CODE = YES;
				CLANG_WARN__DUPLICATE_METHOD_MATCH = YES;
				COPY_PHASE_STRIP = NO;
				DEBUG_INFORMATION_FORMAT = "dwarf-with-dsym";
				ENABLE_NS_ASSERTIONS = NO;
				ENABLE_STRICT_OBJC_MSGSEND = YES;
				GCC_C_LANGUAGE_STANDARD = gnu11;
				GCC_NO_COMMON_BLOCKS = YES;
				GCC_WARN_64_TO_32_BIT_CONVERSION = YES;
				GCC_WARN_ABOUT_RETURN_TYPE = YES_ERROR;
				GCC_WARN_UNDECLARED_SELECTOR = YES;
				GCC_WARN_UNINITIALIZED_AUTOS = YES_AGGRESSIVE;
				GCC_WARN_UNUSED_FUNCTION = YES;
				GCC_WARN_UNUSED_VARIABLE = YES;
				IPHONEOS_DEPLOYMENT_TARGET = 14.5;
				MTL_ENABLE_DEBUG_INFO = NO;
				MTL_FAST_MATH = YES;
				SDKROOT = iphoneos;
				SWIFT_COMPILATION_MODE = wholemodule;
				SWIFT_OPTIMIZATION_LEVEL = "-O";
				VALIDATE_PRODUCT = YES;
			};
			name = Release;
		};
		0417CFF12703668C002BD1EF /* Debug */ = {
			isa = XCBuildConfiguration;
			buildSettings = {
				ASSETCATALOG_COMPILER_APPICON_NAME = AppIcon;
				ASSETCATALOG_COMPILER_GLOBAL_ACCENT_COLOR_NAME = AccentColor;
				CODE_SIGN_STYLE = Automatic;
				INFOPLIST_FILE = testConvert/Info.plist;
				LD_RUNPATH_SEARCH_PATHS = (
					"$(inherited)",
					"@executable_path/Frameworks",
				);
				PRODUCT_BUNDLE_IDENTIFIER = "Yana-Bezkrovnaya.testConvert";
				PRODUCT_NAME = "$(TARGET_NAME)";
				SWIFT_VERSION = 5.0;
				TARGETED_DEVICE_FAMILY = "1,2";
			};
			name = Debug;
		};
		0417CFF22703668C002BD1EF /* Release */ = {
			isa = XCBuildConfiguration;
			buildSettings = {
				ASSETCATALOG_COMPILER_APPICON_NAME = AppIcon;
				ASSETCATALOG_COMPILER_GLOBAL_ACCENT_COLOR_NAME = AccentColor;
				CODE_SIGN_STYLE = Automatic;
				INFOPLIST_FILE = testConvert/Info.plist;
				LD_RUNPATH_SEARCH_PATHS = (
					"$(inherited)",
					"@executable_path/Frameworks",
				);
				PRODUCT_BUNDLE_IDENTIFIER = "Yana-Bezkrovnaya.testConvert";
				PRODUCT_NAME = "$(TARGET_NAME)";
				SWIFT_VERSION = 5.0;
				TARGETED_DEVICE_FAMILY = "1,2";
			};
			name = Release;
		};
/* End XCBuildConfiguration section */

/* Begin XCConfigurationList section */
		0417CFD72703668A002BD1EF /* Build configuration list for PBXProject "testConvert" */ = {
			isa = XCConfigurationList;
			buildConfigurations = (
				0417CFEE2703668C002BD1EF /* Debug */,
				0417CFEF2703668C002BD1EF /* Release */,
			);
			defaultConfigurationIsVisible = 0;
			defaultConfigurationName = Release;
		};
		0417CFF02703668C002BD1EF /* Build configuration list for PBXNativeTarget "testConvert" */ = {
			isa = XCConfigurationList;
			buildConfigurations = (
				0417CFF12703668C002BD1EF /* Debug */,
				0417CFF22703668C002BD1EF /* Release */,
			);
			defaultConfigurationIsVisible = 0;
			defaultConfigurationName = Release;
		};
/* End XCConfigurationList section */
	};
	rootObject = 0417CFD42703668A002BD1EF /* Project object */;
}
